PODS:
  - Flutter (1.0.0)
  - flutter_drag_scale (0.0.1):
    - Flutter

DEPENDENCIES:
  - Flutter (from `Flutter`)
  - flutter_drag_scale (from `.symlinks/plugins/flutter_drag_scale/ios`)

EXTERNAL SOURCES:
  Flutter:
    :path: Flutter
  flutter_drag_scale:
    :path: ".symlinks/plugins/flutter_drag_scale/ios"

SPEC CHECKSUMS:
  Flutter: 0e3d915762c693b495b44d77113d4970485de6ec
  flutter_drag_scale: 545fd546a1e968bd965883f0511b1c47f049f37d

PODFILE CHECKSUM: 8e679eca47255a8ca8067c4c67aab20e64cb974d

COCOAPODS: 1.10.1
